// !$*UTF8*$!
{
	archiveVersion = 1;
	classes = {
	};
	objectVersion = 56;
	objects = {

/* Begin PBXBuildFile section */
		7920F10229D8699400F30C75 /* NewsletterStore.swift in Sources */ = {isa = PBXBuildFile; fileRef = 7920F10129D8699400F30C75 /* NewsletterStore.swift */; };
		7927453829DC015700E80EA1 /* SignInButton.swift in Sources */ = {isa = PBXBuildFile; fileRef = 7927453729DC015700E80EA1 /* SignInButton.swift */; };
		7927453A29DC018800E80EA1 /* RemoteImage.swift in Sources */ = {isa = PBXBuildFile; fileRef = 7927453929DC018800E80EA1 /* RemoteImage.swift */; };
		79C8D14D29D6D1280087E1E4 /* JoieApp.swift in Sources */ = {isa = PBXBuildFile; fileRef = 79C8D14C29D6D1280087E1E4 /* JoieApp.swift */; };
		79C8D14F29D6D1280087E1E4 /* ContentView.swift in Sources */ = {isa = PBXBuildFile; fileRef = 79C8D14E29D6D1280087E1E4 /* ContentView.swift */; };
		79C8D15129D6D1290087E1E4 /* Assets.xcassets in Resources */ = {isa = PBXBuildFile; fileRef = 79C8D15029D6D1290087E1E4 /* Assets.xcassets */; };
		79C8D15529D6D1290087E1E4 /* Preview Assets.xcassets in Resources */ = {isa = PBXBuildFile; fileRef = 79C8D15429D6D1290087E1E4 /* Preview Assets.xcassets */; };
		79C8D15F29D6D12A0087E1E4 /* JoieTests.swift in Sources */ = {isa = PBXBuildFile; fileRef = 79C8D15E29D6D12A0087E1E4 /* JoieTests.swift */; };
		79C8D16929D6D12A0087E1E4 /* JoieUITests.swift in Sources */ = {isa = PBXBuildFile; fileRef = 79C8D16829D6D12A0087E1E4 /* JoieUITests.swift */; };
		79C8D16B29D6D12A0087E1E4 /* JoieUITestsLaunchTests.swift in Sources */ = {isa = PBXBuildFile; fileRef = 79C8D16A29D6D12A0087E1E4 /* JoieUITestsLaunchTests.swift */; };
		79C8D17829D6D14A0087E1E4 /* NewsletterView.swift in Sources */ = {isa = PBXBuildFile; fileRef = 79C8D17729D6D14A0087E1E4 /* NewsletterView.swift */; };
		79C8D17A29D6D1780087E1E4 /* SettingsView.swift in Sources */ = {isa = PBXBuildFile; fileRef = 79C8D17929D6D1780087E1E4 /* SettingsView.swift */; };
		79C8D17C29D6D1FE0087E1E4 /* GoogleClient.swift in Sources */ = {isa = PBXBuildFile; fileRef = 79C8D17B29D6D1FE0087E1E4 /* GoogleClient.swift */; };
		79C8D17F29D6D3600087E1E4 /* GoogleAPIClientForREST_Gmail in Frameworks */ = {isa = PBXBuildFile; productRef = 79C8D17E29D6D3600087E1E4 /* GoogleAPIClientForREST_Gmail */; };
		79C8D18229D6D4DB0087E1E4 /* GoogleSignIn in Frameworks */ = {isa = PBXBuildFile; productRef = 79C8D18129D6D4DB0087E1E4 /* GoogleSignIn */; };
		79C8D18429D6D4DB0087E1E4 /* GoogleSignInSwift in Frameworks */ = {isa = PBXBuildFile; productRef = 79C8D18329D6D4DB0087E1E4 /* GoogleSignInSwift */; };
/* End PBXBuildFile section */

/* Begin PBXContainerItemProxy section */
		79C8D15B29D6D12A0087E1E4 /* PBXContainerItemProxy */ = {
			isa = PBXContainerItemProxy;
			containerPortal = 79C8D14129D6D1280087E1E4 /* Project object */;
			proxyType = 1;
			remoteGlobalIDString = 79C8D14829D6D1280087E1E4;
			remoteInfo = Joie;
		};
		79C8D16529D6D12A0087E1E4 /* PBXContainerItemProxy */ = {
			isa = PBXContainerItemProxy;
			containerPortal = 79C8D14129D6D1280087E1E4 /* Project object */;
			proxyType = 1;
			remoteGlobalIDString = 79C8D14829D6D1280087E1E4;
			remoteInfo = Joie;
		};
/* End PBXContainerItemProxy section */

/* Begin PBXFileReference section */
		7920F10129D8699400F30C75 /* NewsletterStore.swift */ = {isa = PBXFileReference; lastKnownFileType = sourcecode.swift; path = NewsletterStore.swift; sourceTree = "<group>"; };
		7927453729DC015700E80EA1 /* SignInButton.swift */ = {isa = PBXFileReference; lastKnownFileType = sourcecode.swift; path = SignInButton.swift; sourceTree = "<group>"; };
		7927453929DC018800E80EA1 /* RemoteImage.swift */ = {isa = PBXFileReference; lastKnownFileType = sourcecode.swift; path = RemoteImage.swift; sourceTree = "<group>"; };
		7942AFA929D6E85D00B385B5 /* Info.plist */ = {isa = PBXFileReference; lastKnownFileType = text.plist; path = Info.plist; sourceTree = "<group>"; };
		79C8D14929D6D1280087E1E4 /* Joie.app */ = {isa = PBXFileReference; explicitFileType = wrapper.application; includeInIndex = 0; path = Joie.app; sourceTree = BUILT_PRODUCTS_DIR; };
		79C8D14C29D6D1280087E1E4 /* JoieApp.swift */ = {isa = PBXFileReference; lastKnownFileType = sourcecode.swift; path = JoieApp.swift; sourceTree = "<group>"; };
		79C8D14E29D6D1280087E1E4 /* ContentView.swift */ = {isa = PBXFileReference; lastKnownFileType = sourcecode.swift; path = ContentView.swift; sourceTree = "<group>"; };
		79C8D15029D6D1290087E1E4 /* Assets.xcassets */ = {isa = PBXFileReference; lastKnownFileType = folder.assetcatalog; path = Assets.xcassets; sourceTree = "<group>"; };
		79C8D15229D6D1290087E1E4 /* Joie.entitlements */ = {isa = PBXFileReference; lastKnownFileType = text.plist.entitlements; path = Joie.entitlements; sourceTree = "<group>"; };
		79C8D15429D6D1290087E1E4 /* Preview Assets.xcassets */ = {isa = PBXFileReference; lastKnownFileType = folder.assetcatalog; path = "Preview Assets.xcassets"; sourceTree = "<group>"; };
		79C8D15A29D6D12A0087E1E4 /* JoieTests.xctest */ = {isa = PBXFileReference; explicitFileType = wrapper.cfbundle; includeInIndex = 0; path = JoieTests.xctest; sourceTree = BUILT_PRODUCTS_DIR; };
		79C8D15E29D6D12A0087E1E4 /* JoieTests.swift */ = {isa = PBXFileReference; lastKnownFileType = sourcecode.swift; path = JoieTests.swift; sourceTree = "<group>"; };
		79C8D16429D6D12A0087E1E4 /* JoieUITests.xctest */ = {isa = PBXFileReference; explicitFileType = wrapper.cfbundle; includeInIndex = 0; path = JoieUITests.xctest; sourceTree = BUILT_PRODUCTS_DIR; };
		79C8D16829D6D12A0087E1E4 /* JoieUITests.swift */ = {isa = PBXFileReference; lastKnownFileType = sourcecode.swift; path = JoieUITests.swift; sourceTree = "<group>"; };
		79C8D16A29D6D12A0087E1E4 /* JoieUITestsLaunchTests.swift */ = {isa = PBXFileReference; lastKnownFileType = sourcecode.swift; path = JoieUITestsLaunchTests.swift; sourceTree = "<group>"; };
		79C8D17729D6D14A0087E1E4 /* NewsletterView.swift */ = {isa = PBXFileReference; lastKnownFileType = sourcecode.swift; path = NewsletterView.swift; sourceTree = "<group>"; };
		79C8D17929D6D1780087E1E4 /* SettingsView.swift */ = {isa = PBXFileReference; lastKnownFileType = sourcecode.swift; path = SettingsView.swift; sourceTree = "<group>"; };
		79C8D17B29D6D1FE0087E1E4 /* GoogleClient.swift */ = {isa = PBXFileReference; lastKnownFileType = sourcecode.swift; path = GoogleClient.swift; sourceTree = "<group>"; };
/* End PBXFileReference section */

/* Begin PBXFrameworksBuildPhase section */
		79C8D14629D6D1280087E1E4 /* Frameworks */ = {
			isa = PBXFrameworksBuildPhase;
			buildActionMask = 2147483647;
			files = (
				79C8D18429D6D4DB0087E1E4 /* GoogleSignInSwift in Frameworks */,
				79C8D17F29D6D3600087E1E4 /* GoogleAPIClientForREST_Gmail in Frameworks */,
				79C8D18229D6D4DB0087E1E4 /* GoogleSignIn in Frameworks */,
			);
			runOnlyForDeploymentPostprocessing = 0;
		};
		79C8D15729D6D12A0087E1E4 /* Frameworks */ = {
			isa = PBXFrameworksBuildPhase;
			buildActionMask = 2147483647;
			files = (
			);
			runOnlyForDeploymentPostprocessing = 0;
		};
		79C8D16129D6D12A0087E1E4 /* Frameworks */ = {
			isa = PBXFrameworksBuildPhase;
			buildActionMask = 2147483647;
			files = (
			);
			runOnlyForDeploymentPostprocessing = 0;
		};
/* End PBXFrameworksBuildPhase section */

/* Begin PBXGroup section */
		7920F0FD29D85D2A00F30C75 /* Views */ = {
			isa = PBXGroup;
			children = (
				79C8D17729D6D14A0087E1E4 /* NewsletterView.swift */,
				79C8D17929D6D1780087E1E4 /* SettingsView.swift */,
			);
			path = Views;
			sourceTree = "<group>";
		};
		7920F0FE29D85D4500F30C75 /* Utils */ = {
			isa = PBXGroup;
			children = (
				79C8D17B29D6D1FE0087E1E4 /* GoogleClient.swift */,
				7920F10129D8699400F30C75 /* NewsletterStore.swift */,
			);
			path = Utils;
			sourceTree = "<group>";
		};
		7927453629DC013C00E80EA1 /* Components */ = {
			isa = PBXGroup;
			children = (
				7927453729DC015700E80EA1 /* SignInButton.swift */,
				7927453929DC018800E80EA1 /* RemoteImage.swift */,
			);
			path = Components;
			sourceTree = "<group>";
		};
		79C8D14029D6D1280087E1E4 = {
			isa = PBXGroup;
			children = (
				79C8D14B29D6D1280087E1E4 /* Joie */,
				79C8D15D29D6D12A0087E1E4 /* JoieTests */,
				79C8D16729D6D12A0087E1E4 /* JoieUITests */,
				79C8D14A29D6D1280087E1E4 /* Products */,
			);
			sourceTree = "<group>";
		};
		79C8D14A29D6D1280087E1E4 /* Products */ = {
			isa = PBXGroup;
			children = (
				79C8D14929D6D1280087E1E4 /* Joie.app */,
				79C8D15A29D6D12A0087E1E4 /* JoieTests.xctest */,
				79C8D16429D6D12A0087E1E4 /* JoieUITests.xctest */,
			);
			name = Products;
			sourceTree = "<group>";
		};
		79C8D14B29D6D1280087E1E4 /* Joie */ = {
			isa = PBXGroup;
			children = (
				7920F0FE29D85D4500F30C75 /* Utils */,
				7942AFA929D6E85D00B385B5 /* Info.plist */,
				79C8D14C29D6D1280087E1E4 /* JoieApp.swift */,
				79C8D14E29D6D1280087E1E4 /* ContentView.swift */,
				7927453629DC013C00E80EA1 /* Components */,
				7920F0FD29D85D2A00F30C75 /* Views */,
				79C8D15029D6D1290087E1E4 /* Assets.xcassets */,
				79C8D15229D6D1290087E1E4 /* Joie.entitlements */,
				79C8D15329D6D1290087E1E4 /* Preview Content */,
			);
			path = Joie;
			sourceTree = "<group>";
		};
		79C8D15329D6D1290087E1E4 /* Preview Content */ = {
			isa = PBXGroup;
			children = (
				79C8D15429D6D1290087E1E4 /* Preview Assets.xcassets */,
			);
			path = "Preview Content";
			sourceTree = "<group>";
		};
		79C8D15D29D6D12A0087E1E4 /* JoieTests */ = {
			isa = PBXGroup;
			children = (
				79C8D15E29D6D12A0087E1E4 /* JoieTests.swift */,
			);
			path = JoieTests;
			sourceTree = "<group>";
		};
		79C8D16729D6D12A0087E1E4 /* JoieUITests */ = {
			isa = PBXGroup;
			children = (
				79C8D16829D6D12A0087E1E4 /* JoieUITests.swift */,
				79C8D16A29D6D12A0087E1E4 /* JoieUITestsLaunchTests.swift */,
			);
			path = JoieUITests;
			sourceTree = "<group>";
		};
/* End PBXGroup section */

/* Begin PBXNativeTarget section */
		79C8D14829D6D1280087E1E4 /* Joie */ = {
			isa = PBXNativeTarget;
			buildConfigurationList = 79C8D16E29D6D12A0087E1E4 /* Build configuration list for PBXNativeTarget "Joie" */;
			buildPhases = (
				79C8D14529D6D1280087E1E4 /* Sources */,
				79C8D14629D6D1280087E1E4 /* Frameworks */,
				79C8D14729D6D1280087E1E4 /* Resources */,
			);
			buildRules = (
			);
			dependencies = (
			);
			name = Joie;
			packageProductDependencies = (
				79C8D17E29D6D3600087E1E4 /* GoogleAPIClientForREST_Gmail */,
				79C8D18129D6D4DB0087E1E4 /* GoogleSignIn */,
				79C8D18329D6D4DB0087E1E4 /* GoogleSignInSwift */,
			);
			productName = Joie;
			productReference = 79C8D14929D6D1280087E1E4 /* Joie.app */;
			productType = "com.apple.product-type.application";
		};
		79C8D15929D6D12A0087E1E4 /* JoieTests */ = {
			isa = PBXNativeTarget;
			buildConfigurationList = 79C8D17129D6D12A0087E1E4 /* Build configuration list for PBXNativeTarget "JoieTests" */;
			buildPhases = (
				79C8D15629D6D12A0087E1E4 /* Sources */,
				79C8D15729D6D12A0087E1E4 /* Frameworks */,
				79C8D15829D6D12A0087E1E4 /* Resources */,
			);
			buildRules = (
			);
			dependencies = (
				79C8D15C29D6D12A0087E1E4 /* PBXTargetDependency */,
			);
			name = JoieTests;
			productName = JoieTests;
			productReference = 79C8D15A29D6D12A0087E1E4 /* JoieTests.xctest */;
			productType = "com.apple.product-type.bundle.unit-test";
		};
		79C8D16329D6D12A0087E1E4 /* JoieUITests */ = {
			isa = PBXNativeTarget;
			buildConfigurationList = 79C8D17429D6D12A0087E1E4 /* Build configuration list for PBXNativeTarget "JoieUITests" */;
			buildPhases = (
				79C8D16029D6D12A0087E1E4 /* Sources */,
				79C8D16129D6D12A0087E1E4 /* Frameworks */,
				79C8D16229D6D12A0087E1E4 /* Resources */,
			);
			buildRules = (
			);
			dependencies = (
				79C8D16629D6D12A0087E1E4 /* PBXTargetDependency */,
			);
			name = JoieUITests;
			productName = JoieUITests;
			productReference = 79C8D16429D6D12A0087E1E4 /* JoieUITests.xctest */;
			productType = "com.apple.product-type.bundle.ui-testing";
		};
/* End PBXNativeTarget section */

/* Begin PBXProject section */
		79C8D14129D6D1280087E1E4 /* Project object */ = {
			isa = PBXProject;
			attributes = {
				BuildIndependentTargetsInParallel = 1;
				LastSwiftUpdateCheck = 1420;
				LastUpgradeCheck = 1420;
				TargetAttributes = {
					79C8D14829D6D1280087E1E4 = {
						CreatedOnToolsVersion = 14.2;
					};
					79C8D15929D6D12A0087E1E4 = {
						CreatedOnToolsVersion = 14.2;
						TestTargetID = 79C8D14829D6D1280087E1E4;
					};
					79C8D16329D6D12A0087E1E4 = {
						CreatedOnToolsVersion = 14.2;
						TestTargetID = 79C8D14829D6D1280087E1E4;
					};
				};
			};
			buildConfigurationList = 79C8D14429D6D1280087E1E4 /* Build configuration list for PBXProject "Joie" */;
			compatibilityVersion = "Xcode 14.0";
			developmentRegion = en;
			hasScannedForEncodings = 0;
			knownRegions = (
				en,
				Base,
			);
			mainGroup = 79C8D14029D6D1280087E1E4;
			packageReferences = (
				79C8D17D29D6D3600087E1E4 /* XCRemoteSwiftPackageReference "google-api-objectivec-client-for-rest" */,
				79C8D18029D6D4DB0087E1E4 /* XCRemoteSwiftPackageReference "GoogleSignIn-iOS" */,
			);
			productRefGroup = 79C8D14A29D6D1280087E1E4 /* Products */;
			projectDirPath = "";
			projectRoot = "";
			targets = (
				79C8D14829D6D1280087E1E4 /* Joie */,
				79C8D15929D6D12A0087E1E4 /* JoieTests */,
				79C8D16329D6D12A0087E1E4 /* JoieUITests */,
			);
		};
/* End PBXProject section */

/* Begin PBXResourcesBuildPhase section */
		79C8D14729D6D1280087E1E4 /* Resources */ = {
			isa = PBXResourcesBuildPhase;
			buildActionMask = 2147483647;
			files = (
				79C8D15529D6D1290087E1E4 /* Preview Assets.xcassets in Resources */,
				79C8D15129D6D1290087E1E4 /* Assets.xcassets in Resources */,
			);
			runOnlyForDeploymentPostprocessing = 0;
		};
		79C8D15829D6D12A0087E1E4 /* Resources */ = {
			isa = PBXResourcesBuildPhase;
			buildActionMask = 2147483647;
			files = (
			);
			runOnlyForDeploymentPostprocessing = 0;
		};
		79C8D16229D6D12A0087E1E4 /* Resources */ = {
			isa = PBXResourcesBuildPhase;
			buildActionMask = 2147483647;
			files = (
			);
			runOnlyForDeploymentPostprocessing = 0;
		};
/* End PBXResourcesBuildPhase section */

/* Begin PBXSourcesBuildPhase section */
		79C8D14529D6D1280087E1E4 /* Sources */ = {
			isa = PBXSourcesBuildPhase;
			buildActionMask = 2147483647;
			files = (
				7927453829DC015700E80EA1 /* SignInButton.swift in Sources */,
				79C8D14F29D6D1280087E1E4 /* ContentView.swift in Sources */,
				79C8D17A29D6D1780087E1E4 /* SettingsView.swift in Sources */,
				7927453A29DC018800E80EA1 /* RemoteImage.swift in Sources */,
				79C8D17829D6D14A0087E1E4 /* NewsletterView.swift in Sources */,
				7920F10229D8699400F30C75 /* NewsletterStore.swift in Sources */,
				79C8D17C29D6D1FE0087E1E4 /* GoogleClient.swift in Sources */,
				79C8D14D29D6D1280087E1E4 /* JoieApp.swift in Sources */,
			);
			runOnlyForDeploymentPostprocessing = 0;
		};
		79C8D15629D6D12A0087E1E4 /* Sources */ = {
			isa = PBXSourcesBuildPhase;
			buildActionMask = 2147483647;
			files = (
				79C8D15F29D6D12A0087E1E4 /* JoieTests.swift in Sources */,
			);
			runOnlyForDeploymentPostprocessing = 0;
		};
		79C8D16029D6D12A0087E1E4 /* Sources */ = {
			isa = PBXSourcesBuildPhase;
			buildActionMask = 2147483647;
			files = (
				79C8D16929D6D12A0087E1E4 /* JoieUITests.swift in Sources */,
				79C8D16B29D6D12A0087E1E4 /* JoieUITestsLaunchTests.swift in Sources */,
			);
			runOnlyForDeploymentPostprocessing = 0;
		};
/* End PBXSourcesBuildPhase section */

/* Begin PBXTargetDependency section */
		79C8D15C29D6D12A0087E1E4 /* PBXTargetDependency */ = {
			isa = PBXTargetDependency;
			target = 79C8D14829D6D1280087E1E4 /* Joie */;
			targetProxy = 79C8D15B29D6D12A0087E1E4 /* PBXContainerItemProxy */;
		};
		79C8D16629D6D12A0087E1E4 /* PBXTargetDependency */ = {
			isa = PBXTargetDependency;
			target = 79C8D14829D6D1280087E1E4 /* Joie */;
			targetProxy = 79C8D16529D6D12A0087E1E4 /* PBXContainerItemProxy */;
		};
/* End PBXTargetDependency section */

/* Begin XCBuildConfiguration section */
		79C8D16C29D6D12A0087E1E4 /* Debug */ = {
			isa = XCBuildConfiguration;
			buildSettings = {
				ALWAYS_SEARCH_USER_PATHS = NO;
				CLANG_ANALYZER_NONNULL = YES;
				CLANG_ANALYZER_NUMBER_OBJECT_CONVERSION = YES_AGGRESSIVE;
				CLANG_CXX_LANGUAGE_STANDARD = "gnu++20";
				CLANG_ENABLE_MODULES = YES;
				CLANG_ENABLE_OBJC_ARC = YES;
				CLANG_ENABLE_OBJC_WEAK = YES;
				CLANG_WARN_BLOCK_CAPTURE_AUTORELEASING = YES;
				CLANG_WARN_BOOL_CONVERSION = YES;
				CLANG_WARN_COMMA = YES;
				CLANG_WARN_CONSTANT_CONVERSION = YES;
				CLANG_WARN_DEPRECATED_OBJC_IMPLEMENTATIONS = YES;
				CLANG_WARN_DIRECT_OBJC_ISA_USAGE = YES_ERROR;
				CLANG_WARN_DOCUMENTATION_COMMENTS = YES;
				CLANG_WARN_EMPTY_BODY = YES;
				CLANG_WARN_ENUM_CONVERSION = YES;
				CLANG_WARN_INFINITE_RECURSION = YES;
				CLANG_WARN_INT_CONVERSION = YES;
				CLANG_WARN_NON_LITERAL_NULL_CONVERSION = YES;
				CLANG_WARN_OBJC_IMPLICIT_RETAIN_SELF = YES;
				CLANG_WARN_OBJC_LITERAL_CONVERSION = YES;
				CLANG_WARN_OBJC_ROOT_CLASS = YES_ERROR;
				CLANG_WARN_QUOTED_INCLUDE_IN_FRAMEWORK_HEADER = YES;
				CLANG_WARN_RANGE_LOOP_ANALYSIS = YES;
				CLANG_WARN_STRICT_PROTOTYPES = YES;
				CLANG_WARN_SUSPICIOUS_MOVE = YES;
				CLANG_WARN_UNGUARDED_AVAILABILITY = YES_AGGRESSIVE;
				CLANG_WARN_UNREACHABLE_CODE = YES;
				CLANG_WARN__DUPLICATE_METHOD_MATCH = YES;
				COPY_PHASE_STRIP = NO;
				DEBUG_INFORMATION_FORMAT = dwarf;
				ENABLE_STRICT_OBJC_MSGSEND = YES;
				ENABLE_TESTABILITY = YES;
				GCC_C_LANGUAGE_STANDARD = gnu11;
				GCC_DYNAMIC_NO_PIC = NO;
				GCC_NO_COMMON_BLOCKS = YES;
				GCC_OPTIMIZATION_LEVEL = 0;
				GCC_PREPROCESSOR_DEFINITIONS = (
					"DEBUG=1",
					"$(inherited)",
				);
				GCC_WARN_64_TO_32_BIT_CONVERSION = YES;
				GCC_WARN_ABOUT_RETURN_TYPE = YES_ERROR;
				GCC_WARN_UNDECLARED_SELECTOR = YES;
				GCC_WARN_UNINITIALIZED_AUTOS = YES_AGGRESSIVE;
				GCC_WARN_UNUSED_FUNCTION = YES;
				GCC_WARN_UNUSED_VARIABLE = YES;
				MTL_ENABLE_DEBUG_INFO = INCLUDE_SOURCE;
				MTL_FAST_MATH = YES;
				ONLY_ACTIVE_ARCH = YES;
				SWIFT_ACTIVE_COMPILATION_CONDITIONS = DEBUG;
				SWIFT_OPTIMIZATION_LEVEL = "-Onone";
			};
			name = Debug;
		};
		79C8D16D29D6D12A0087E1E4 /* Release */ = {
			isa = XCBuildConfiguration;
			buildSettings = {
				ALWAYS_SEARCH_USER_PATHS = NO;
				CLANG_ANALYZER_NONNULL = YES;
				CLANG_ANALYZER_NUMBER_OBJECT_CONVERSION = YES_AGGRESSIVE;
				CLANG_CXX_LANGUAGE_STANDARD = "gnu++20";
				CLANG_ENABLE_MODULES = YES;
				CLANG_ENABLE_OBJC_ARC = YES;
				CLANG_ENABLE_OBJC_WEAK = YES;
				CLANG_WARN_BLOCK_CAPTURE_AUTORELEASING = YES;
				CLANG_WARN_BOOL_CONVERSION = YES;
				CLANG_WARN_COMMA = YES;
				CLANG_WARN_CONSTANT_CONVERSION = YES;
				CLANG_WARN_DEPRECATED_OBJC_IMPLEMENTATIONS = YES;
				CLANG_WARN_DIRECT_OBJC_ISA_USAGE = YES_ERROR;
				CLANG_WARN_DOCUMENTATION_COMMENTS = YES;
				CLANG_WARN_EMPTY_BODY = YES;
				CLANG_WARN_ENUM_CONVERSION = YES;
				CLANG_WARN_INFINITE_RECURSION = YES;
				CLANG_WARN_INT_CONVERSION = YES;
				CLANG_WARN_NON_LITERAL_NULL_CONVERSION = YES;
				CLANG_WARN_OBJC_IMPLICIT_RETAIN_SELF = YES;
				CLANG_WARN_OBJC_LITERAL_CONVERSION = YES;
				CLANG_WARN_OBJC_ROOT_CLASS = YES_ERROR;
				CLANG_WARN_QUOTED_INCLUDE_IN_FRAMEWORK_HEADER = YES;
				CLANG_WARN_RANGE_LOOP_ANALYSIS = YES;
				CLANG_WARN_STRICT_PROTOTYPES = YES;
				CLANG_WARN_SUSPICIOUS_MOVE = YES;
				CLANG_WARN_UNGUARDED_AVAILABILITY = YES_AGGRESSIVE;
				CLANG_WARN_UNREACHABLE_CODE = YES;
				CLANG_WARN__DUPLICATE_METHOD_MATCH = YES;
				COPY_PHASE_STRIP = NO;
				DEBUG_INFORMATION_FORMAT = "dwarf-with-dsym";
				ENABLE_NS_ASSERTIONS = NO;
				ENABLE_STRICT_OBJC_MSGSEND = YES;
				GCC_C_LANGUAGE_STANDARD = gnu11;
				GCC_NO_COMMON_BLOCKS = YES;
				GCC_WARN_64_TO_32_BIT_CONVERSION = YES;
				GCC_WARN_ABOUT_RETURN_TYPE = YES_ERROR;
				GCC_WARN_UNDECLARED_SELECTOR = YES;
				GCC_WARN_UNINITIALIZED_AUTOS = YES_AGGRESSIVE;
				GCC_WARN_UNUSED_FUNCTION = YES;
				GCC_WARN_UNUSED_VARIABLE = YES;
				MTL_ENABLE_DEBUG_INFO = NO;
				MTL_FAST_MATH = YES;
				SWIFT_COMPILATION_MODE = wholemodule;
				SWIFT_OPTIMIZATION_LEVEL = "-O";
			};
			name = Release;
		};
		79C8D16F29D6D12A0087E1E4 /* Debug */ = {
			isa = XCBuildConfiguration;
			buildSettings = {
				ASSETCATALOG_COMPILER_APPICON_NAME = AppIcon;
				ASSETCATALOG_COMPILER_GLOBAL_ACCENT_COLOR_NAME = AccentColor;
				CODE_SIGN_ENTITLEMENTS = Joie/Joie.entitlements;
				CODE_SIGN_STYLE = Automatic;
				CURRENT_PROJECT_VERSION = 1;
				DEVELOPMENT_ASSET_PATHS = "\"Joie/Preview Content\"";
				DEVELOPMENT_TEAM = QA6B2J6365;
				ENABLE_HARDENED_RUNTIME = YES;
				ENABLE_PREVIEWS = YES;
				GENERATE_INFOPLIST_FILE = YES;
				INFOPLIST_FILE = Joie/Info.plist;
				"INFOPLIST_KEY_UIApplicationSceneManifest_Generation[sdk=iphoneos*]" = YES;
				"INFOPLIST_KEY_UIApplicationSceneManifest_Generation[sdk=iphonesimulator*]" = YES;
				"INFOPLIST_KEY_UIApplicationSupportsIndirectInputEvents[sdk=iphoneos*]" = YES;
				"INFOPLIST_KEY_UIApplicationSupportsIndirectInputEvents[sdk=iphonesimulator*]" = YES;
				"INFOPLIST_KEY_UILaunchScreen_Generation[sdk=iphoneos*]" = YES;
				"INFOPLIST_KEY_UILaunchScreen_Generation[sdk=iphonesimulator*]" = YES;
				"INFOPLIST_KEY_UIStatusBarStyle[sdk=iphoneos*]" = UIStatusBarStyleDefault;
				"INFOPLIST_KEY_UIStatusBarStyle[sdk=iphonesimulator*]" = UIStatusBarStyleDefault;
				INFOPLIST_KEY_UISupportedInterfaceOrientations_iPad = "UIInterfaceOrientationPortrait UIInterfaceOrientationPortraitUpsideDown UIInterfaceOrientationLandscapeLeft UIInterfaceOrientationLandscapeRight";
				INFOPLIST_KEY_UISupportedInterfaceOrientations_iPhone = "UIInterfaceOrientationPortrait UIInterfaceOrientationLandscapeLeft UIInterfaceOrientationLandscapeRight";
				IPHONEOS_DEPLOYMENT_TARGET = 16.2;
				LD_RUNPATH_SEARCH_PATHS = "@executable_path/Frameworks";
				"LD_RUNPATH_SEARCH_PATHS[sdk=macosx*]" = "@executable_path/../Frameworks";
				MACOSX_DEPLOYMENT_TARGET = 13.1;
				MARKETING_VERSION = 1.0;
				PRODUCT_BUNDLE_IDENTIFIER = com.stabb.Joie;
				PRODUCT_NAME = "$(TARGET_NAME)";
				SDKROOT = auto;
				SUPPORTED_PLATFORMS = "iphoneos iphonesimulator macosx";
				SWIFT_EMIT_LOC_STRINGS = YES;
				SWIFT_VERSION = 5.0;
				TARGETED_DEVICE_FAMILY = "1,2";
			};
			name = Debug;
		};
		79C8D17029D6D12A0087E1E4 /* Release */ = {
			isa = XCBuildConfiguration;
			buildSettings = {
				ASSETCATALOG_COMPILER_APPICON_NAME = AppIcon;
				ASSETCATALOG_COMPILER_GLOBAL_ACCENT_COLOR_NAME = AccentColor;
				CODE_SIGN_ENTITLEMENTS = Joie/Joie.entitlements;
				CODE_SIGN_STYLE = Automatic;
				CURRENT_PROJECT_VERSION = 1;
				DEVELOPMENT_ASSET_PATHS = "\"Joie/Preview Content\"";
				DEVELOPMENT_TEAM = QA6B2J6365;
				ENABLE_HARDENED_RUNTIME = YES;
				ENABLE_PREVIEWS = YES;
				GENERATE_INFOPLIST_FILE = YES;
				INFOPLIST_FILE = Joie/Info.plist;
				"INFOPLIST_KEY_UIApplicationSceneManifest_Generation[sdk=iphoneos*]" = YES;
				"INFOPLIST_KEY_UIApplicationSceneManifest_Generation[sdk=iphonesimulator*]" = YES;
				"INFOPLIST_KEY_UIApplicationSupportsIndirectInputEvents[sdk=iphoneos*]" = YES;
				"INFOPLIST_KEY_UIApplicationSupportsIndirectInputEvents[sdk=iphonesimulator*]" = YES;
				"INFOPLIST_KEY_UILaunchScreen_Generation[sdk=iphoneos*]" = YES;
				"INFOPLIST_KEY_UILaunchScreen_Generation[sdk=iphonesimulator*]" = YES;
				"INFOPLIST_KEY_UIStatusBarStyle[sdk=iphoneos*]" = UIStatusBarStyleDefault;
				"INFOPLIST_KEY_UIStatusBarStyle[sdk=iphonesimulator*]" = UIStatusBarStyleDefault;
				INFOPLIST_KEY_UISupportedInterfaceOrientations_iPad = "UIInterfaceOrientationPortrait UIInterfaceOrientationPortraitUpsideDown UIInterfaceOrientationLandscapeLeft UIInterfaceOrientationLandscapeRight";
				INFOPLIST_KEY_UISupportedInterfaceOrientations_iPhone = "UIInterfaceOrientationPortrait UIInterfaceOrientationLandscapeLeft UIInterfaceOrientationLandscapeRight";
				IPHONEOS_DEPLOYMENT_TARGET = 16.2;
				LD_RUNPATH_SEARCH_PATHS = "@executable_path/Frameworks";
				"LD_RUNPATH_SEARCH_PATHS[sdk=macosx*]" = "@executable_path/../Frameworks";
				MACOSX_DEPLOYMENT_TARGET = 13.1;
				MARKETING_VERSION = 1.0;
				PRODUCT_BUNDLE_IDENTIFIER = com.stabb.Joie;
				PRODUCT_NAME = "$(TARGET_NAME)";
				SDKROOT = auto;
				SUPPORTED_PLATFORMS = "iphoneos iphonesimulator macosx";
				SWIFT_EMIT_LOC_STRINGS = YES;
				SWIFT_VERSION = 5.0;
				TARGETED_DEVICE_FAMILY = "1,2";
			};
			name = Release;
		};
		79C8D17229D6D12A0087E1E4 /* Debug */ = {
			isa = XCBuildConfiguration;
			buildSettings = {
				ALWAYS_EMBED_SWIFT_STANDARD_LIBRARIES = YES;
				BUNDLE_LOADER = "$(TEST_HOST)";
				CODE_SIGN_STYLE = Automatic;
				CURRENT_PROJECT_VERSION = 1;
				DEVELOPMENT_TEAM = QA6B2J6365;
				GENERATE_INFOPLIST_FILE = YES;
				IPHONEOS_DEPLOYMENT_TARGET = 16.2;
				MACOSX_DEPLOYMENT_TARGET = 13.1;
				MARKETING_VERSION = 1.0;
				PRODUCT_BUNDLE_IDENTIFIER = com.stabb.JoieTests;
				PRODUCT_NAME = "$(TARGET_NAME)";
				SDKROOT = auto;
				SUPPORTED_PLATFORMS = "iphoneos iphonesimulator macosx";
				SWIFT_EMIT_LOC_STRINGS = NO;
				SWIFT_VERSION = 5.0;
				TARGETED_DEVICE_FAMILY = "1,2";
				TEST_HOST = "$(BUILT_PRODUCTS_DIR)/Joie.app/$(BUNDLE_EXECUTABLE_FOLDER_PATH)/Joie";
			};
			name = Debug;
		};
		79C8D17329D6D12A0087E1E4 /* Release */ = {
			isa = XCBuildConfiguration;
			buildSettings = {
				ALWAYS_EMBED_SWIFT_STANDARD_LIBRARIES = YES;
				BUNDLE_LOADER = "$(TEST_HOST)";
				CODE_SIGN_STYLE = Automatic;
				CURRENT_PROJECT_VERSION = 1;
				DEVELOPMENT_TEAM = QA6B2J6365;
				GENERATE_INFOPLIST_FILE = YES;
				IPHONEOS_DEPLOYMENT_TARGET = 16.2;
				MACOSX_DEPLOYMENT_TARGET = 13.1;
				MARKETING_VERSION = 1.0;
				PRODUCT_BUNDLE_IDENTIFIER = com.stabb.JoieTests;
				PRODUCT_NAME = "$(TARGET_NAME)";
				SDKROOT = auto;
				SUPPORTED_PLATFORMS = "iphoneos iphonesimulator macosx";
				SWIFT_EMIT_LOC_STRINGS = NO;
				SWIFT_VERSION = 5.0;
				TARGETED_DEVICE_FAMILY = "1,2";
				TEST_HOST = "$(BUILT_PRODUCTS_DIR)/Joie.app/$(BUNDLE_EXECUTABLE_FOLDER_PATH)/Joie";
			};
			name = Release;
		};
		79C8D17529D6D12A0087E1E4 /* Debug */ = {
			isa = XCBuildConfiguration;
			buildSettings = {
				ALWAYS_EMBED_SWIFT_STANDARD_LIBRARIES = YES;
				CODE_SIGN_STYLE = Automatic;
				CURRENT_PROJECT_VERSION = 1;
				DEVELOPMENT_TEAM = QA6B2J6365;
				GENERATE_INFOPLIST_FILE = YES;
				IPHONEOS_DEPLOYMENT_TARGET = 16.2;
				MACOSX_DEPLOYMENT_TARGET = 13.1;
				MARKETING_VERSION = 1.0;
				PRODUCT_BUNDLE_IDENTIFIER = com.stabb.JoieUITests;
				PRODUCT_NAME = "$(TARGET_NAME)";
				SDKROOT = auto;
				SUPPORTED_PLATFORMS = "iphoneos iphonesimulator macosx";
				SWIFT_EMIT_LOC_STRINGS = NO;
				SWIFT_VERSION = 5.0;
				TARGETED_DEVICE_FAMILY = "1,2";
				TEST_TARGET_NAME = Joie;
			};
			name = Debug;
		};
		79C8D17629D6D12A0087E1E4 /* Release */ = {
			isa = XCBuildConfiguration;
			buildSettings = {
				ALWAYS_EMBED_SWIFT_STANDARD_LIBRARIES = YES;
				CODE_SIGN_STYLE = Automatic;
				CURRENT_PROJECT_VERSION = 1;
				DEVELOPMENT_TEAM = QA6B2J6365;
				GENERATE_INFOPLIST_FILE = YES;
				IPHONEOS_DEPLOYMENT_TARGET = 16.2;
				MACOSX_DEPLOYMENT_TARGET = 13.1;
				MARKETING_VERSION = 1.0;
				PRODUCT_BUNDLE_IDENTIFIER = com.stabb.JoieUITests;
				PRODUCT_NAME = "$(TARGET_NAME)";
				SDKROOT = auto;
				SUPPORTED_PLATFORMS = "iphoneos iphonesimulator macosx";
				SWIFT_EMIT_LOC_STRINGS = NO;
				SWIFT_VERSION = 5.0;
				TARGETED_DEVICE_FAMILY = "1,2";
				TEST_TARGET_NAME = Joie;
			};
			name = Release;
		};
/* End XCBuildConfiguration section */

/* Begin XCConfigurationList section */
		79C8D14429D6D1280087E1E4 /* Build configuration list for PBXProject "Joie" */ = {
			isa = XCConfigurationList;
			buildConfigurations = (
				79C8D16C29D6D12A0087E1E4 /* Debug */,
				79C8D16D29D6D12A0087E1E4 /* Release */,
			);
			defaultConfigurationIsVisible = 0;
			defaultConfigurationName = Release;
		};
		79C8D16E29D6D12A0087E1E4 /* Build configuration list for PBXNativeTarget "Joie" */ = {
			isa = XCConfigurationList;
			buildConfigurations = (
				79C8D16F29D6D12A0087E1E4 /* Debug */,
				79C8D17029D6D12A0087E1E4 /* Release */,
			);
			defaultConfigurationIsVisible = 0;
			defaultConfigurationName = Release;
		};
		79C8D17129D6D12A0087E1E4 /* Build configuration list for PBXNativeTarget "JoieTests" */ = {
			isa = XCConfigurationList;
			buildConfigurations = (
				79C8D17229D6D12A0087E1E4 /* Debug */,
				79C8D17329D6D12A0087E1E4 /* Release */,
			);
			defaultConfigurationIsVisible = 0;
			defaultConfigurationName = Release;
		};
		79C8D17429D6D12A0087E1E4 /* Build configuration list for PBXNativeTarget "JoieUITests" */ = {
			isa = XCConfigurationList;
			buildConfigurations = (
				79C8D17529D6D12A0087E1E4 /* Debug */,
				79C8D17629D6D12A0087E1E4 /* Release */,
			);
			defaultConfigurationIsVisible = 0;
			defaultConfigurationName = Release;
		};
/* End XCConfigurationList section */

/* Begin XCRemoteSwiftPackageReference section */
		79C8D17D29D6D3600087E1E4 /* XCRemoteSwiftPackageReference "google-api-objectivec-client-for-rest" */ = {
			isa = XCRemoteSwiftPackageReference;
			repositoryURL = "https://github.com/google/google-api-objectivec-client-for-rest.git";
			requirement = {
				branch = main;
				kind = branch;
			};
		};
		79C8D18029D6D4DB0087E1E4 /* XCRemoteSwiftPackageReference "GoogleSignIn-iOS" */ = {
			isa = XCRemoteSwiftPackageReference;
			repositoryURL = "https://github.com/google/GoogleSignIn-iOS.git";
			requirement = {
				kind = upToNextMajorVersion;
				minimumVersion = 7.0.0;
			};
		};
/* End XCRemoteSwiftPackageReference section */

/* Begin XCSwiftPackageProductDependency section */
		79C8D17E29D6D3600087E1E4 /* GoogleAPIClientForREST_Gmail */ = {
			isa = XCSwiftPackageProductDependency;
			package = 79C8D17D29D6D3600087E1E4 /* XCRemoteSwiftPackageReference "google-api-objectivec-client-for-rest" */;
			productName = GoogleAPIClientForREST_Gmail;
		};
		79C8D18129D6D4DB0087E1E4 /* GoogleSignIn */ = {
			isa = XCSwiftPackageProductDependency;
			package = 79C8D18029D6D4DB0087E1E4 /* XCRemoteSwiftPackageReference "GoogleSignIn-iOS" */;
			productName = GoogleSignIn;
		};
		79C8D18329D6D4DB0087E1E4 /* GoogleSignInSwift */ = {
			isa = XCSwiftPackageProductDependency;
			package = 79C8D18029D6D4DB0087E1E4 /* XCRemoteSwiftPackageReference "GoogleSignIn-iOS" */;
			productName = GoogleSignInSwift;
		};
/* End XCSwiftPackageProductDependency section */
	};
	rootObject = 79C8D14129D6D1280087E1E4 /* Project object */;
}
